// !$*UTF8*$!
{
	archiveVersion = 1;
	classes = {
	};
	objectVersion = 50;
	objects = {

/* Begin PBXBuildFile section */
		70C9955C233B6810003F7058 /* AppDelegate.swift in Sources */ = {isa = PBXBuildFile; fileRef = 70C9955B233B6810003F7058 /* AppDelegate.swift */; };
		70C9955E233B6810003F7058 /* SceneDelegate.swift in Sources */ = {isa = PBXBuildFile; fileRef = 70C9955D233B6810003F7058 /* SceneDelegate.swift */; };
		70C99560233B6810003F7058 /* MoviesViewController.swift in Sources */ = {isa = PBXBuildFile; fileRef = 70C9955F233B6810003F7058 /* MoviesViewController.swift */; };
		70C99563233B6810003F7058 /* Main.storyboard in Resources */ = {isa = PBXBuildFile; fileRef = 70C99561233B6810003F7058 /* Main.storyboard */; };
		70C99565233B6813003F7058 /* Assets.xcassets in Resources */ = {isa = PBXBuildFile; fileRef = 70C99564233B6813003F7058 /* Assets.xcassets */; };
		70C99568233B6813003F7058 /* LaunchScreen.storyboard in Resources */ = {isa = PBXBuildFile; fileRef = 70C99566233B6813003F7058 /* LaunchScreen.storyboard */; };
		70C99570233B68A8003F7058 /* README.md in Resources */ = {isa = PBXBuildFile; fileRef = 70C9956F233B68A8003F7058 /* README.md */; };
		70C99578233B6AC4003F7058 /* MoviesViewModel.swift in Sources */ = {isa = PBXBuildFile; fileRef = 70C99577233B6AC4003F7058 /* MoviesViewModel.swift */; };
		70C9957A233B6AEC003F7058 /* Constants.swift in Sources */ = {isa = PBXBuildFile; fileRef = 70C99579233B6AEC003F7058 /* Constants.swift */; };
		70C9957C233B6AFB003F7058 /* Extensions.swift in Sources */ = {isa = PBXBuildFile; fileRef = 70C9957B233B6AFB003F7058 /* Extensions.swift */; };
		70C9957F233B6B13003F7058 /* Strings.swift in Sources */ = {isa = PBXBuildFile; fileRef = 70C9957E233B6B13003F7058 /* Strings.swift */; };
		70C99581233B6B1F003F7058 /* Utility.swift in Sources */ = {isa = PBXBuildFile; fileRef = 70C99580233B6B1F003F7058 /* Utility.swift */; };
		70C99584233B6EFA003F7058 /* APIManager.swift in Sources */ = {isa = PBXBuildFile; fileRef = 70C99583233B6EFA003F7058 /* APIManager.swift */; };
		70C99588233B808B003F7058 /* Movie.swift in Sources */ = {isa = PBXBuildFile; fileRef = 70C99587233B808B003F7058 /* Movie.swift */; };
		948216777D451744E4C0FE2E /* Pods_HeadyMovies.framework in Frameworks */ = {isa = PBXBuildFile; fileRef = A7AA00413061104304E4F7FA /* Pods_HeadyMovies.framework */; };
/* End PBXBuildFile section */

/* Begin PBXFileReference section */
		3FD90940E8DAD479C65E8352 /* Pods-HeadyMovies.debug.xcconfig */ = {isa = PBXFileReference; includeInIndex = 1; lastKnownFileType = text.xcconfig; name = "Pods-HeadyMovies.debug.xcconfig"; path = "Target Support Files/Pods-HeadyMovies/Pods-HeadyMovies.debug.xcconfig"; sourceTree = "<group>"; };
		46BB2B04760BFD488DB171C9 /* Pods-HeadyMovies.release.xcconfig */ = {isa = PBXFileReference; includeInIndex = 1; lastKnownFileType = text.xcconfig; name = "Pods-HeadyMovies.release.xcconfig"; path = "Target Support Files/Pods-HeadyMovies/Pods-HeadyMovies.release.xcconfig"; sourceTree = "<group>"; };
		70C99558233B6810003F7058 /* HeadyMovies.app */ = {isa = PBXFileReference; explicitFileType = wrapper.application; includeInIndex = 0; path = HeadyMovies.app; sourceTree = BUILT_PRODUCTS_DIR; };
		70C9955B233B6810003F7058 /* AppDelegate.swift */ = {isa = PBXFileReference; lastKnownFileType = sourcecode.swift; path = AppDelegate.swift; sourceTree = "<group>"; };
		70C9955D233B6810003F7058 /* SceneDelegate.swift */ = {isa = PBXFileReference; lastKnownFileType = sourcecode.swift; path = SceneDelegate.swift; sourceTree = "<group>"; };
		70C9955F233B6810003F7058 /* MoviesViewController.swift */ = {isa = PBXFileReference; lastKnownFileType = sourcecode.swift; path = MoviesViewController.swift; sourceTree = "<group>"; };
		70C99562233B6810003F7058 /* Base */ = {isa = PBXFileReference; lastKnownFileType = file.storyboard; name = Base; path = Base.lproj/Main.storyboard; sourceTree = "<group>"; };
		70C99564233B6813003F7058 /* Assets.xcassets */ = {isa = PBXFileReference; lastKnownFileType = folder.assetcatalog; path = Assets.xcassets; sourceTree = "<group>"; };
		70C99567233B6813003F7058 /* Base */ = {isa = PBXFileReference; lastKnownFileType = file.storyboard; name = Base; path = Base.lproj/LaunchScreen.storyboard; sourceTree = "<group>"; };
		70C99569233B6813003F7058 /* Info.plist */ = {isa = PBXFileReference; lastKnownFileType = text.plist.xml; path = Info.plist; sourceTree = "<group>"; };
		70C9956F233B68A8003F7058 /* README.md */ = {isa = PBXFileReference; fileEncoding = 4; lastKnownFileType = net.daringfireball.markdown; path = README.md; sourceTree = "<group>"; };
		70C99577233B6AC4003F7058 /* MoviesViewModel.swift */ = {isa = PBXFileReference; lastKnownFileType = sourcecode.swift; path = MoviesViewModel.swift; sourceTree = "<group>"; };
		70C99579233B6AEC003F7058 /* Constants.swift */ = {isa = PBXFileReference; lastKnownFileType = sourcecode.swift; path = Constants.swift; sourceTree = "<group>"; };
		70C9957B233B6AFB003F7058 /* Extensions.swift */ = {isa = PBXFileReference; lastKnownFileType = sourcecode.swift; path = Extensions.swift; sourceTree = "<group>"; };
		70C9957E233B6B13003F7058 /* Strings.swift */ = {isa = PBXFileReference; lastKnownFileType = sourcecode.swift; path = Strings.swift; sourceTree = "<group>"; };
		70C99580233B6B1F003F7058 /* Utility.swift */ = {isa = PBXFileReference; lastKnownFileType = sourcecode.swift; path = Utility.swift; sourceTree = "<group>"; };
		70C99583233B6EFA003F7058 /* APIManager.swift */ = {isa = PBXFileReference; lastKnownFileType = sourcecode.swift; path = APIManager.swift; sourceTree = "<group>"; };
		70C99587233B808B003F7058 /* Movie.swift */ = {isa = PBXFileReference; lastKnownFileType = sourcecode.swift; path = Movie.swift; sourceTree = "<group>"; };
		A7AA00413061104304E4F7FA /* Pods_HeadyMovies.framework */ = {isa = PBXFileReference; explicitFileType = wrapper.framework; includeInIndex = 0; path = Pods_HeadyMovies.framework; sourceTree = BUILT_PRODUCTS_DIR; };
/* End PBXFileReference section */

/* Begin PBXFrameworksBuildPhase section */
		70C99555233B6810003F7058 /* Frameworks */ = {
			isa = PBXFrameworksBuildPhase;
			buildActionMask = 2147483647;
			files = (
				948216777D451744E4C0FE2E /* Pods_HeadyMovies.framework in Frameworks */,
			);
			runOnlyForDeploymentPostprocessing = 0;
		};
/* End PBXFrameworksBuildPhase section */

/* Begin PBXGroup section */
		5AF078707A5B96B62E35CA9E /* Frameworks */ = {
			isa = PBXGroup;
			children = (
				A7AA00413061104304E4F7FA /* Pods_HeadyMovies.framework */,
			);
			name = Frameworks;
			sourceTree = "<group>";
		};
		5C4599BB38F43A3CB2542F07 /* Pods */ = {
			isa = PBXGroup;
			children = (
				3FD90940E8DAD479C65E8352 /* Pods-HeadyMovies.debug.xcconfig */,
				46BB2B04760BFD488DB171C9 /* Pods-HeadyMovies.release.xcconfig */,
			);
			path = Pods;
			sourceTree = "<group>";
		};
		70C9954F233B6810003F7058 = {
			isa = PBXGroup;
			children = (
				70C9956F233B68A8003F7058 /* README.md */,
				70C9955A233B6810003F7058 /* HeadyMovies */,
				70C99559233B6810003F7058 /* Products */,
				5C4599BB38F43A3CB2542F07 /* Pods */,
				5AF078707A5B96B62E35CA9E /* Frameworks */,
			);
			sourceTree = "<group>";
		};
		70C99559233B6810003F7058 /* Products */ = {
			isa = PBXGroup;
			children = (
				70C99558233B6810003F7058 /* HeadyMovies.app */,
			);
			name = Products;
			sourceTree = "<group>";
		};
		70C9955A233B6810003F7058 /* HeadyMovies */ = {
			isa = PBXGroup;
			children = (
				70C99576233B6A70003F7058 /* Controllers */,
				70C99575233B6A68003F7058 /* Helpers */,
				70C99574233B6A5D003F7058 /* Models */,
				70C99573233B6A51003F7058 /* Resources */,
				70C99572233B6A46003F7058 /* View Models */,
				70C99571233B6A38003F7058 /* Views */,
				70C9955B233B6810003F7058 /* AppDelegate.swift */,
				70C9955D233B6810003F7058 /* SceneDelegate.swift */,
				70C99569233B6813003F7058 /* Info.plist */,
			);
			path = HeadyMovies;
			sourceTree = "<group>";
		};
		70C99571233B6A38003F7058 /* Views */ = {
			isa = PBXGroup;
			children = (
				70C99566233B6813003F7058 /* LaunchScreen.storyboard */,
				70C99561233B6810003F7058 /* Main.storyboard */,
			);
			path = Views;
			sourceTree = "<group>";
		};
		70C99572233B6A46003F7058 /* View Models */ = {
			isa = PBXGroup;
			children = (
				70C99577233B6AC4003F7058 /* MoviesViewModel.swift */,
			);
			path = "View Models";
			sourceTree = "<group>";
		};
		70C99573233B6A51003F7058 /* Resources */ = {
			isa = PBXGroup;
			children = (
				70C99564233B6813003F7058 /* Assets.xcassets */,
			);
			path = Resources;
			sourceTree = "<group>";
		};
		70C99574233B6A5D003F7058 /* Models */ = {
			isa = PBXGroup;
			children = (
				70C99587233B808B003F7058 /* Movie.swift */,
			);
			path = Models;
			sourceTree = "<group>";
		};
		70C99575233B6A68003F7058 /* Helpers */ = {
			isa = PBXGroup;
			children = (
				70C99582233B6EDA003F7058 /* API */,
				70C99579233B6AEC003F7058 /* Constants.swift */,
				70C9957B233B6AFB003F7058 /* Extensions.swift */,
				70C9957E233B6B13003F7058 /* Strings.swift */,
				70C99580233B6B1F003F7058 /* Utility.swift */,
			);
			path = Helpers;
			sourceTree = "<group>";
		};
		70C99576233B6A70003F7058 /* Controllers */ = {
			isa = PBXGroup;
			children = (
				70C9955F233B6810003F7058 /* MoviesViewController.swift */,
			);
			path = Controllers;
			sourceTree = "<group>";
		};
		70C99582233B6EDA003F7058 /* API */ = {
			isa = PBXGroup;
			children = (
				70C99583233B6EFA003F7058 /* APIManager.swift */,
			);
			path = API;
			sourceTree = "<group>";
		};
/* End PBXGroup section */

/* Begin PBXNativeTarget section */
		70C99557233B6810003F7058 /* HeadyMovies */ = {
			isa = PBXNativeTarget;
			buildConfigurationList = 70C9956C233B6813003F7058 /* Build configuration list for PBXNativeTarget "HeadyMovies" */;
			buildPhases = (
				2B45EA4B38E35B285CE829BA /* [CP] Check Pods Manifest.lock */,
				70C99554233B6810003F7058 /* Sources */,
				70C99555233B6810003F7058 /* Frameworks */,
				70C99556233B6810003F7058 /* Resources */,
				AA55352BA7CC2F088648E897 /* [CP] Embed Pods Frameworks */,
			);
			buildRules = (
			);
			dependencies = (
			);
			name = HeadyMovies;
			productName = HeadyMovies;
			productReference = 70C99558233B6810003F7058 /* HeadyMovies.app */;
			productType = "com.apple.product-type.application";
		};
/* End PBXNativeTarget section */

/* Begin PBXProject section */
		70C99550233B6810003F7058 /* Project object */ = {
			isa = PBXProject;
			attributes = {
				LastSwiftUpdateCheck = 1100;
				LastUpgradeCheck = 1100;
				ORGANIZATIONNAME = "Rajdeep Sahoo";
				TargetAttributes = {
					70C99557233B6810003F7058 = {
						CreatedOnToolsVersion = 11.0;
					};
				};
			};
			buildConfigurationList = 70C99553233B6810003F7058 /* Build configuration list for PBXProject "HeadyMovies" */;
			compatibilityVersion = "Xcode 9.3";
			developmentRegion = en;
			hasScannedForEncodings = 0;
			knownRegions = (
				en,
				Base,
			);
			mainGroup = 70C9954F233B6810003F7058;
			productRefGroup = 70C99559233B6810003F7058 /* Products */;
			projectDirPath = "";
			projectRoot = "";
			targets = (
				70C99557233B6810003F7058 /* HeadyMovies */,
			);
		};
/* End PBXProject section */

/* Begin PBXResourcesBuildPhase section */
		70C99556233B6810003F7058 /* Resources */ = {
			isa = PBXResourcesBuildPhase;
			buildActionMask = 2147483647;
			files = (
				70C99568233B6813003F7058 /* LaunchScreen.storyboard in Resources */,
				70C99565233B6813003F7058 /* Assets.xcassets in Resources */,
				70C99570233B68A8003F7058 /* README.md in Resources */,
				70C99563233B6810003F7058 /* Main.storyboard in Resources */,
			);
			runOnlyForDeploymentPostprocessing = 0;
		};
/* End PBXResourcesBuildPhase section */

/* Begin PBXShellScriptBuildPhase section */
		2B45EA4B38E35B285CE829BA /* [CP] Check Pods Manifest.lock */ = {
			isa = PBXShellScriptBuildPhase;
			buildActionMask = 2147483647;
			files = (
			);
			inputFileListPaths = (
			);
			inputPaths = (
				"${PODS_PODFILE_DIR_PATH}/Podfile.lock",
				"${PODS_ROOT}/Manifest.lock",
			);
			name = "[CP] Check Pods Manifest.lock";
			outputFileListPaths = (
			);
			outputPaths = (
				"$(DERIVED_FILE_DIR)/Pods-HeadyMovies-checkManifestLockResult.txt",
			);
			runOnlyForDeploymentPostprocessing = 0;
			shellPath = /bin/sh;
			shellScript = "diff \"${PODS_PODFILE_DIR_PATH}/Podfile.lock\" \"${PODS_ROOT}/Manifest.lock\" > /dev/null\nif [ $? != 0 ] ; then\n    # print error to STDERR\n    echo \"error: The sandbox is not in sync with the Podfile.lock. Run 'pod install' or update your CocoaPods installation.\" >&2\n    exit 1\nfi\n# This output is used by Xcode 'outputs' to avoid re-running this script phase.\necho \"SUCCESS\" > \"${SCRIPT_OUTPUT_FILE_0}\"\n";
			showEnvVarsInLog = 0;
		};
		AA55352BA7CC2F088648E897 /* [CP] Embed Pods Frameworks */ = {
			isa = PBXShellScriptBuildPhase;
			buildActionMask = 2147483647;
			files = (
			);
			inputFileListPaths = (
			);
			inputPaths = (
				"${PODS_ROOT}/Target Support Files/Pods-HeadyMovies/Pods-HeadyMovies-frameworks.sh",
				"${BUILT_PRODUCTS_DIR}/Kingfisher/Kingfisher.framework",
				"${BUILT_PRODUCTS_DIR}/MBProgressHUD/MBProgressHUD.framework",
			);
			name = "[CP] Embed Pods Frameworks";
			outputFileListPaths = (
			);
			outputPaths = (
				"${TARGET_BUILD_DIR}/${FRAMEWORKS_FOLDER_PATH}/Kingfisher.framework",
				"${TARGET_BUILD_DIR}/${FRAMEWORKS_FOLDER_PATH}/MBProgressHUD.framework",
			);
			runOnlyForDeploymentPostprocessing = 0;
			shellPath = /bin/sh;
			shellScript = "\"${PODS_ROOT}/Target Support Files/Pods-HeadyMovies/Pods-HeadyMovies-frameworks.sh\"\n";
			showEnvVarsInLog = 0;
		};
/* End PBXShellScriptBuildPhase section */

/* Begin PBXSourcesBuildPhase section */
		70C99554233B6810003F7058 /* Sources */ = {
			isa = PBXSourcesBuildPhase;
			buildActionMask = 2147483647;
			files = (
				70C9957A233B6AEC003F7058 /* Constants.swift in Sources */,
				70C99588233B808B003F7058 /* Movie.swift in Sources */,
				70C9957C233B6AFB003F7058 /* Extensions.swift in Sources */,
				70C99560233B6810003F7058 /* MoviesViewController.swift in Sources */,
				70C99584233B6EFA003F7058 /* APIManager.swift in Sources */,
				70C9955C233B6810003F7058 /* AppDelegate.swift in Sources */,
				70C99581233B6B1F003F7058 /* Utility.swift in Sources */,
				70C9955E233B6810003F7058 /* SceneDelegate.swift in Sources */,
				70C99578233B6AC4003F7058 /* MoviesViewModel.swift in Sources */,
				70C9957F233B6B13003F7058 /* Strings.swift in Sources */,
			);
			runOnlyForDeploymentPostprocessing = 0;
		};
/* End PBXSourcesBuildPhase section */

/* Begin PBXVariantGroup section */
		70C99561233B6810003F7058 /* Main.storyboard */ = {
			isa = PBXVariantGroup;
			children = (
				70C99562233B6810003F7058 /* Base */,
			);
			name = Main.storyboard;
			sourceTree = "<group>";
		};
		70C99566233B6813003F7058 /* LaunchScreen.storyboard */ = {
			isa = PBXVariantGroup;
			children = (
				70C99567233B6813003F7058 /* Base */,
			);
			name = LaunchScreen.storyboard;
			sourceTree = "<group>";
		};
/* End PBXVariantGroup section */

/* Begin XCBuildConfiguration section */
		70C9956A233B6813003F7058 /* Debug */ = {
			isa = XCBuildConfiguration;
			buildSettings = {
				ALWAYS_SEARCH_USER_PATHS = NO;
				CLANG_ANALYZER_NONNULL = YES;
				CLANG_ANALYZER_NUMBER_OBJECT_CONVERSION = YES_AGGRESSIVE;
				CLANG_CXX_LANGUAGE_STANDARD = "gnu++14";
				CLANG_CXX_LIBRARY = "libc++";
				CLANG_ENABLE_MODULES = YES;
				CLANG_ENABLE_OBJC_ARC = YES;
				CLANG_ENABLE_OBJC_WEAK = YES;
				CLANG_WARN_BLOCK_CAPTURE_AUTORELEASING = YES;
				CLANG_WARN_BOOL_CONVERSION = YES;
				CLANG_WARN_COMMA = YES;
				CLANG_WARN_CONSTANT_CONVERSION = YES;
				CLANG_WARN_DEPRECATED_OBJC_IMPLEMENTATIONS = YES;
				CLANG_WARN_DIRECT_OBJC_ISA_USAGE = YES_ERROR;
				CLANG_WARN_DOCUMENTATION_COMMENTS = YES;
				CLANG_WARN_EMPTY_BODY = YES;
				CLANG_WARN_ENUM_CONVERSION = YES;
				CLANG_WARN_INFINITE_RECURSION = YES;
				CLANG_WARN_INT_CONVERSION = YES;
				CLANG_WARN_NON_LITERAL_NULL_CONVERSION = YES;
				CLANG_WARN_OBJC_IMPLICIT_RETAIN_SELF = YES;
				CLANG_WARN_OBJC_LITERAL_CONVERSION = YES;
				CLANG_WARN_OBJC_ROOT_CLASS = YES_ERROR;
				CLANG_WARN_RANGE_LOOP_ANALYSIS = YES;
				CLANG_WARN_STRICT_PROTOTYPES = YES;
				CLANG_WARN_SUSPICIOUS_MOVE = YES;
				CLANG_WARN_UNGUARDED_AVAILABILITY = YES_AGGRESSIVE;
				CLANG_WARN_UNREACHABLE_CODE = YES;
				CLANG_WARN__DUPLICATE_METHOD_MATCH = YES;
				COPY_PHASE_STRIP = NO;
				DEBUG_INFORMATION_FORMAT = dwarf;
				ENABLE_STRICT_OBJC_MSGSEND = YES;
				ENABLE_TESTABILITY = YES;
				GCC_C_LANGUAGE_STANDARD = gnu11;
				GCC_DYNAMIC_NO_PIC = NO;
				GCC_NO_COMMON_BLOCKS = YES;
				GCC_OPTIMIZATION_LEVEL = 0;
				GCC_PREPROCESSOR_DEFINITIONS = (
					"DEBUG=1",
					"$(inherited)",
				);
				GCC_WARN_64_TO_32_BIT_CONVERSION = YES;
				GCC_WARN_ABOUT_RETURN_TYPE = YES_ERROR;
				GCC_WARN_UNDECLARED_SELECTOR = YES;
				GCC_WARN_UNINITIALIZED_AUTOS = YES_AGGRESSIVE;
				GCC_WARN_UNUSED_FUNCTION = YES;
				GCC_WARN_UNUSED_VARIABLE = YES;
				IPHONEOS_DEPLOYMENT_TARGET = 12.0;
				MTL_ENABLE_DEBUG_INFO = INCLUDE_SOURCE;
				MTL_FAST_MATH = YES;
				ONLY_ACTIVE_ARCH = YES;
				SDKROOT = iphoneos;
				SWIFT_ACTIVE_COMPILATION_CONDITIONS = DEBUG;
				SWIFT_OPTIMIZATION_LEVEL = "-Onone";
			};
			name = Debug;
		};
		70C9956B233B6813003F7058 /* Release */ = {
			isa = XCBuildConfiguration;
			buildSettings = {
				ALWAYS_SEARCH_USER_PATHS = NO;
				CLANG_ANALYZER_NONNULL = YES;
				CLANG_ANALYZER_NUMBER_OBJECT_CONVERSION = YES_AGGRESSIVE;
				CLANG_CXX_LANGUAGE_STANDARD = "gnu++14";
				CLANG_CXX_LIBRARY = "libc++";
				CLANG_ENABLE_MODULES = YES;
				CLANG_ENABLE_OBJC_ARC = YES;
				CLANG_ENABLE_OBJC_WEAK = YES;
				CLANG_WARN_BLOCK_CAPTURE_AUTORELEASING = YES;
				CLANG_WARN_BOOL_CONVERSION = YES;
				CLANG_WARN_COMMA = YES;
				CLANG_WARN_CONSTANT_CONVERSION = YES;
				CLANG_WARN_DEPRECATED_OBJC_IMPLEMENTATIONS = YES;
				CLANG_WARN_DIRECT_OBJC_ISA_USAGE = YES_ERROR;
				CLANG_WARN_DOCUMENTATION_COMMENTS = YES;
				CLANG_WARN_EMPTY_BODY = YES;
				CLANG_WARN_ENUM_CONVERSION = YES;
				CLANG_WARN_INFINITE_RECURSION = YES;
				CLANG_WARN_INT_CONVERSION = YES;
				CLANG_WARN_NON_LITERAL_NULL_CONVERSION = YES;
				CLANG_WARN_OBJC_IMPLICIT_RETAIN_SELF = YES;
				CLANG_WARN_OBJC_LITERAL_CONVERSION = YES;
				CLANG_WARN_OBJC_ROOT_CLASS = YES_ERROR;
				CLANG_WARN_RANGE_LOOP_ANALYSIS = YES;
				CLANG_WARN_STRICT_PROTOTYPES = YES;
				CLANG_WARN_SUSPICIOUS_MOVE = YES;
				CLANG_WARN_UNGUARDED_AVAILABILITY = YES_AGGRESSIVE;
				CLANG_WARN_UNREACHABLE_CODE = YES;
				CLANG_WARN__DUPLICATE_METHOD_MATCH = YES;
				COPY_PHASE_STRIP = NO;
				DEBUG_INFORMATION_FORMAT = "dwarf-with-dsym";
				ENABLE_NS_ASSERTIONS = NO;
				ENABLE_STRICT_OBJC_MSGSEND = YES;
				GCC_C_LANGUAGE_STANDARD = gnu11;
				GCC_NO_COMMON_BLOCKS = YES;
				GCC_WARN_64_TO_32_BIT_CONVERSION = YES;
				GCC_WARN_ABOUT_RETURN_TYPE = YES_ERROR;
				GCC_WARN_UNDECLARED_SELECTOR = YES;
				GCC_WARN_UNINITIALIZED_AUTOS = YES_AGGRESSIVE;
				GCC_WARN_UNUSED_FUNCTION = YES;
				GCC_WARN_UNUSED_VARIABLE = YES;
				IPHONEOS_DEPLOYMENT_TARGET = 12.0;
				MTL_ENABLE_DEBUG_INFO = NO;
				MTL_FAST_MATH = YES;
				SDKROOT = iphoneos;
				SWIFT_COMPILATION_MODE = wholemodule;
				SWIFT_OPTIMIZATION_LEVEL = "-O";
				VALIDATE_PRODUCT = YES;
			};
			name = Release;
		};
		70C9956D233B6813003F7058 /* Debug */ = {
			isa = XCBuildConfiguration;
			baseConfigurationReference = 3FD90940E8DAD479C65E8352 /* Pods-HeadyMovies.debug.xcconfig */;
			buildSettings = {
				ASSETCATALOG_COMPILER_APPICON_NAME = AppIcon;
				CODE_SIGN_STYLE = Automatic;
				INFOPLIST_FILE = HeadyMovies/Info.plist;
				LD_RUNPATH_SEARCH_PATHS = (
					"$(inherited)",
					"@executable_path/Frameworks",
				);
				PRODUCT_BUNDLE_IDENTIFIER = com.rajdeepsahoo.HeadyMovies;
				PRODUCT_NAME = "$(TARGET_NAME)";
				SWIFT_VERSION = 5.0;
				TARGETED_DEVICE_FAMILY = 1;
			};
			name = Debug;
		};
		70C9956E233B6813003F7058 /* Release */ = {
			isa = XCBuildConfiguration;
			baseConfigurationReference = 46BB2B04760BFD488DB171C9 /* Pods-HeadyMovies.release.xcconfig */;
			buildSettings = {
				ASSETCATALOG_COMPILER_APPICON_NAME = AppIcon;
				CODE_SIGN_STYLE = Automatic;
				INFOPLIST_FILE = HeadyMovies/Info.plist;
				LD_RUNPATH_SEARCH_PATHS = (
					"$(inherited)",
					"@executable_path/Frameworks",
				);
				PRODUCT_BUNDLE_IDENTIFIER = com.rajdeepsahoo.HeadyMovies;
				PRODUCT_NAME = "$(TARGET_NAME)";
				SWIFT_VERSION = 5.0;
				TARGETED_DEVICE_FAMILY = 1;
			};
			name = Release;
		};
/* End XCBuildConfiguration section */

/* Begin XCConfigurationList section */
		70C99553233B6810003F7058 /* Build configuration list for PBXProject "HeadyMovies" */ = {
			isa = XCConfigurationList;
			buildConfigurations = (
				70C9956A233B6813003F7058 /* Debug */,
				70C9956B233B6813003F7058 /* Release */,
			);
			defaultConfigurationIsVisible = 0;
			defaultConfigurationName = Release;
		};
		70C9956C233B6813003F7058 /* Build configuration list for PBXNativeTarget "HeadyMovies" */ = {
			isa = XCConfigurationList;
			buildConfigurations = (
				70C9956D233B6813003F7058 /* Debug */,
				70C9956E233B6813003F7058 /* Release */,
			);
			defaultConfigurationIsVisible = 0;
			defaultConfigurationName = Release;
		};
/* End XCConfigurationList section */
	};
	rootObject = 70C99550233B6810003F7058 /* Project object */;
}
